
Microsoft Visual Studio Solution File, Format Version 12.00
# Visual Studio 2012
Project("{FAE04EC0-301F-11D3-BF4B-00C04F79EFBC}") = "n64sdk-extract", "n64sdk-extract.csproj", "{5FC3A1AA-B2A0-46B8-B511-4487377641BD}"
EndProject
Global
	GlobalSection(SolutionConfigurationPlatforms) = preSolution
		Debug|Any CPU = Debug|Any CPU
		Release|Any CPU = Release|Any CPU
	EndGlobalSection
	GlobalSection(ProjectConfigurationPlatforms) = postSolution
		{5FC3A1AA-B2A0-46B8-B511-4487377641BD}.Debug|Any CPU.ActiveCfg = Debug|Any CPU
		{5FC3A1AA-B2A0-46B8-B511-4487377641BD}.Debug|Any CPU.Build.0 = Debug|Any CPU
		{5FC3A1AA-B2A0-46B8-B511-4487377641BD}.Release|Any CPU.ActiveCfg = Release|Any CPU
		{5FC3A1AA-B2A0-46B8-B511-4487377641BD}.Release|Any CPU.Build.0 = Release|Any CPU
	EndGlobalSection
EndGlobal
